// !$*UTF8*$!
{
	archiveVersion = 1;
	classes = {
	};
	objectVersion = 56;
	objects = {

/* Begin PBXBuildFile section */
		8F5EDDC12C1D01080046A349 /* Number.cpp in Sources */ = {isa = PBXBuildFile; fileRef = 8F5EDDBF2C1D01080046A349 /* Number.cpp */; };
		8F5EDDC42C1D02320046A349 /* libmpfr.6.dylib in Frameworks */ = {isa = PBXBuildFile; fileRef = 8F5EDDC32C1D02320046A349 /* libmpfr.6.dylib */; };
		8FAFAFB82B8E5B4F00723D0B /* Line.cpp in Sources */ = {isa = PBXBuildFile; fileRef = 8FAFAFB62B8E5B4F00723D0B /* Line.cpp */; };
		8FFBA0792B2CC3AE005A7AC1 /* main.cpp in Sources */ = {isa = PBXBuildFile; fileRef = 8FFBA0782B2CC3AE005A7AC1 /* main.cpp */; };
		8FFBA0852B2CC407005A7AC1 /* Parser.cpp in Sources */ = {isa = PBXBuildFile; fileRef = 8FFBA07F2B2CC407005A7AC1 /* Parser.cpp */; };
		8FFBA0862B2CC407005A7AC1 /* Tokenizer.cpp in Sources */ = {isa = PBXBuildFile; fileRef = 8FFBA0832B2CC407005A7AC1 /* Tokenizer.cpp */; };
		8FFBA0872B2CC407005A7AC1 /* Function.cpp in Sources */ = {isa = PBXBuildFile; fileRef = 8FFBA0842B2CC407005A7AC1 /* Function.cpp */; };
/* End PBXBuildFile section */

/* Begin PBXCopyFilesBuildPhase section */
		8FFBA0732B2CC3AE005A7AC1 /* CopyFiles */ = {
			isa = PBXCopyFilesBuildPhase;
			buildActionMask = 2147483647;
			dstPath = /usr/share/man/man1/;
			dstSubfolderSpec = 0;
			files = (
			);
			runOnlyForDeploymentPostprocessing = 1;
		};
/* End PBXCopyFilesBuildPhase section */

/* Begin PBXFileReference section */
		8F5EDDBF2C1D01080046A349 /* Number.cpp */ = {isa = PBXFileReference; fileEncoding = 4; lastKnownFileType = sourcecode.cpp.cpp; path = Number.cpp; sourceTree = "<group>"; };
		8F5EDDC02C1D01080046A349 /* Number.hpp */ = {isa = PBXFileReference; fileEncoding = 4; lastKnownFileType = sourcecode.cpp.h; path = Number.hpp; sourceTree = "<group>"; };
		8F5EDDC32C1D02320046A349 /* libmpfr.6.dylib */ = {isa = PBXFileReference; lastKnownFileType = "compiled.mach-o.dylib"; name = libmpfr.6.dylib; path = ../../../../../opt/homebrew/Cellar/mpfr/4.2.1/lib/libmpfr.6.dylib; sourceTree = "<group>"; };
		8FAFAFB62B8E5B4F00723D0B /* Line.cpp */ = {isa = PBXFileReference; lastKnownFileType = sourcecode.cpp.cpp; path = Line.cpp; sourceTree = "<group>"; };
		8FAFAFB72B8E5B4F00723D0B /* Line.hpp */ = {isa = PBXFileReference; lastKnownFileType = sourcecode.cpp.h; path = Line.hpp; sourceTree = "<group>"; };
		8FFBA0752B2CC3AE005A7AC1 /* MathematicalAnalyzer */ = {isa = PBXFileReference; explicitFileType = "compiled.mach-o.executable"; includeInIndex = 0; path = MathematicalAnalyzer; sourceTree = BUILT_PRODUCTS_DIR; };
		8FFBA0782B2CC3AE005A7AC1 /* main.cpp */ = {isa = PBXFileReference; lastKnownFileType = sourcecode.cpp.cpp; path = main.cpp; sourceTree = "<group>"; };
		8FFBA07F2B2CC407005A7AC1 /* Parser.cpp */ = {isa = PBXFileReference; fileEncoding = 4; lastKnownFileType = sourcecode.cpp.cpp; path = Parser.cpp; sourceTree = "<group>"; };
		8FFBA0802B2CC407005A7AC1 /* Function.hpp */ = {isa = PBXFileReference; fileEncoding = 4; lastKnownFileType = sourcecode.cpp.h; path = Function.hpp; sourceTree = "<group>"; };
		8FFBA0812B2CC407005A7AC1 /* Parser.hpp */ = {isa = PBXFileReference; fileEncoding = 4; lastKnownFileType = sourcecode.cpp.h; path = Parser.hpp; sourceTree = "<group>"; };
		8FFBA0822B2CC407005A7AC1 /* Tokenizer.hpp */ = {isa = PBXFileReference; fileEncoding = 4; lastKnownFileType = sourcecode.cpp.h; path = Tokenizer.hpp; sourceTree = "<group>"; };
		8FFBA0832B2CC407005A7AC1 /* Tokenizer.cpp */ = {isa = PBXFileReference; fileEncoding = 4; lastKnownFileType = sourcecode.cpp.cpp; path = Tokenizer.cpp; sourceTree = "<group>"; };
		8FFBA0842B2CC407005A7AC1 /* Function.cpp */ = {isa = PBXFileReference; fileEncoding = 4; lastKnownFileType = sourcecode.cpp.cpp; path = Function.cpp; sourceTree = "<group>"; };
/* End PBXFileReference section */

/* Begin PBXFrameworksBuildPhase section */
		8FFBA0722B2CC3AE005A7AC1 /* Frameworks */ = {
			isa = PBXFrameworksBuildPhase;
			buildActionMask = 2147483647;
			files = (
				8F5EDDC42C1D02320046A349 /* libmpfr.6.dylib in Frameworks */,
			);
			runOnlyForDeploymentPostprocessing = 0;
		};
/* End PBXFrameworksBuildPhase section */

/* Begin PBXGroup section */
		8F5EDDC22C1D02320046A349 /* Frameworks */ = {
			isa = PBXGroup;
			children = (
				8F5EDDC32C1D02320046A349 /* libmpfr.6.dylib */,
			);
			name = Frameworks;
			sourceTree = "<group>";
		};
		8FFBA06C2B2CC3AE005A7AC1 = {
			isa = PBXGroup;
			children = (
				8FFBA0772B2CC3AE005A7AC1 /* MathematicalAnalyzer */,
				8FFBA0762B2CC3AE005A7AC1 /* Products */,
				8F5EDDC22C1D02320046A349 /* Frameworks */,
			);
			sourceTree = "<group>";
		};
		8FFBA0762B2CC3AE005A7AC1 /* Products */ = {
			isa = PBXGroup;
			children = (
				8FFBA0752B2CC3AE005A7AC1 /* MathematicalAnalyzer */,
			);
			name = Products;
			sourceTree = "<group>";
		};
		8FFBA0772B2CC3AE005A7AC1 /* MathematicalAnalyzer */ = {
			isa = PBXGroup;
			children = (
				8FFBA0782B2CC3AE005A7AC1 /* main.cpp */,
				8FFBA0842B2CC407005A7AC1 /* Function.cpp */,
				8FFBA0802B2CC407005A7AC1 /* Function.hpp */,
				8FFBA07F2B2CC407005A7AC1 /* Parser.cpp */,
				8FFBA0812B2CC407005A7AC1 /* Parser.hpp */,
				8FFBA0832B2CC407005A7AC1 /* Tokenizer.cpp */,
				8FFBA0822B2CC407005A7AC1 /* Tokenizer.hpp */,
				8FAFAFB62B8E5B4F00723D0B /* Line.cpp */,
				8FAFAFB72B8E5B4F00723D0B /* Line.hpp */,
				8F5EDDBF2C1D01080046A349 /* Number.cpp */,
				8F5EDDC02C1D01080046A349 /* Number.hpp */,
			);
			path = MathematicalAnalyzer;
			sourceTree = "<group>";
		};
/* End PBXGroup section */

/* Begin PBXNativeTarget section */
		8FFBA0742B2CC3AE005A7AC1 /* MathematicalAnalyzer */ = {
			isa = PBXNativeTarget;
			buildConfigurationList = 8FFBA07C2B2CC3AE005A7AC1 /* Build configuration list for PBXNativeTarget "MathematicalAnalyzer" */;
			buildPhases = (
				8FFBA0712B2CC3AE005A7AC1 /* Sources */,
				8FFBA0722B2CC3AE005A7AC1 /* Frameworks */,
				8FFBA0732B2CC3AE005A7AC1 /* CopyFiles */,
			);
			buildRules = (
			);
			dependencies = (
			);
			name = MathematicalAnalyzer;
			productName = MathematicalAnalyzer;
			productReference = 8FFBA0752B2CC3AE005A7AC1 /* MathematicalAnalyzer */;
			productType = "com.apple.product-type.tool";
		};
/* End PBXNativeTarget section */

/* Begin PBXProject section */
		8FFBA06D2B2CC3AE005A7AC1 /* Project object */ = {
			isa = PBXProject;
			attributes = {
				BuildIndependentTargetsInParallel = 1;
				LastUpgradeCheck = 1500;
				TargetAttributes = {
					8FFBA0742B2CC3AE005A7AC1 = {
						CreatedOnToolsVersion = 15.0.1;
					};
				};
			};
			buildConfigurationList = 8FFBA0702B2CC3AE005A7AC1 /* Build configuration list for PBXProject "MathematicalAnalyzer" */;
			compatibilityVersion = "Xcode 14.0";
			developmentRegion = en;
			hasScannedForEncodings = 0;
			knownRegions = (
				en,
				Base,
			);
			mainGroup = 8FFBA06C2B2CC3AE005A7AC1;
			productRefGroup = 8FFBA0762B2CC3AE005A7AC1 /* Products */;
			projectDirPath = "";
			projectRoot = "";
			targets = (
				8FFBA0742B2CC3AE005A7AC1 /* MathematicalAnalyzer */,
			);
		};
/* End PBXProject section */

/* Begin PBXSourcesBuildPhase section */
		8FFBA0712B2CC3AE005A7AC1 /* Sources */ = {
			isa = PBXSourcesBuildPhase;
			buildActionMask = 2147483647;
			files = (
				8F5EDDC12C1D01080046A349 /* Number.cpp in Sources */,
				8FFBA0862B2CC407005A7AC1 /* Tokenizer.cpp in Sources */,
				8FFBA0852B2CC407005A7AC1 /* Parser.cpp in Sources */,
				8FFBA0792B2CC3AE005A7AC1 /* main.cpp in Sources */,
				8FFBA0872B2CC407005A7AC1 /* Function.cpp in Sources */,
				8FAFAFB82B8E5B4F00723D0B /* Line.cpp in Sources */,
			);
			runOnlyForDeploymentPostprocessing = 0;
		};
/* End PBXSourcesBuildPhase section */

/* Begin XCBuildConfiguration section */
		8FFBA07A2B2CC3AE005A7AC1 /* Debug */ = {
			isa = XCBuildConfiguration;
			buildSettings = {
				ALWAYS_SEARCH_USER_PATHS = NO;
				ASSETCATALOG_COMPILER_GENERATE_SWIFT_ASSET_SYMBOL_EXTENSIONS = YES;
				CLANG_ANALYZER_NONNULL = YES;
				CLANG_ANALYZER_NUMBER_OBJECT_CONVERSION = YES_AGGRESSIVE;
				CLANG_CXX_LANGUAGE_STANDARD = "gnu++20";
				CLANG_ENABLE_MODULES = YES;
				CLANG_ENABLE_OBJC_ARC = YES;
				CLANG_ENABLE_OBJC_WEAK = YES;
				CLANG_WARN_BLOCK_CAPTURE_AUTORELEASING = YES;
				CLANG_WARN_BOOL_CONVERSION = YES;
				CLANG_WARN_COMMA = YES;
				CLANG_WARN_CONSTANT_CONVERSION = YES;
				CLANG_WARN_DEPRECATED_OBJC_IMPLEMENTATIONS = YES;
				CLANG_WARN_DIRECT_OBJC_ISA_USAGE = YES_ERROR;
				CLANG_WARN_DOCUMENTATION_COMMENTS = YES;
				CLANG_WARN_EMPTY_BODY = YES;
				CLANG_WARN_ENUM_CONVERSION = YES;
				CLANG_WARN_INFINITE_RECURSION = YES;
				CLANG_WARN_INT_CONVERSION = YES;
				CLANG_WARN_NON_LITERAL_NULL_CONVERSION = YES;
				CLANG_WARN_OBJC_IMPLICIT_RETAIN_SELF = YES;
				CLANG_WARN_OBJC_LITERAL_CONVERSION = YES;
				CLANG_WARN_OBJC_ROOT_CLASS = YES_ERROR;
				CLANG_WARN_QUOTED_INCLUDE_IN_FRAMEWORK_HEADER = YES;
				CLANG_WARN_RANGE_LOOP_ANALYSIS = YES;
				CLANG_WARN_STRICT_PROTOTYPES = YES;
				CLANG_WARN_SUSPICIOUS_MOVE = YES;
				CLANG_WARN_UNGUARDED_AVAILABILITY = YES_AGGRESSIVE;
				CLANG_WARN_UNREACHABLE_CODE = YES;
				CLANG_WARN__DUPLICATE_METHOD_MATCH = YES;
				COPY_PHASE_STRIP = NO;
				DEBUG_INFORMATION_FORMAT = dwarf;
				ENABLE_STRICT_OBJC_MSGSEND = YES;
				ENABLE_TESTABILITY = YES;
				ENABLE_USER_SCRIPT_SANDBOXING = YES;
				GCC_C_LANGUAGE_STANDARD = gnu17;
				GCC_DYNAMIC_NO_PIC = NO;
				GCC_NO_COMMON_BLOCKS = YES;
				GCC_OPTIMIZATION_LEVEL = 0;
				GCC_PREPROCESSOR_DEFINITIONS = (
					"DEBUG=1",
					"$(inherited)",
				);
				GCC_WARN_64_TO_32_BIT_CONVERSION = YES;
				GCC_WARN_ABOUT_RETURN_TYPE = YES_ERROR;
				GCC_WARN_UNDECLARED_SELECTOR = YES;
				GCC_WARN_UNINITIALIZED_AUTOS = YES_AGGRESSIVE;
				GCC_WARN_UNUSED_FUNCTION = YES;
				GCC_WARN_UNUSED_VARIABLE = YES;
				LOCALIZATION_PREFERS_STRING_CATALOGS = YES;
				MACOSX_DEPLOYMENT_TARGET = 14.0;
				MTL_ENABLE_DEBUG_INFO = INCLUDE_SOURCE;
				MTL_FAST_MATH = YES;
				ONLY_ACTIVE_ARCH = YES;
				SDKROOT = macosx;
			};
			name = Debug;
		};
		8FFBA07B2B2CC3AE005A7AC1 /* Release */ = {
			isa = XCBuildConfiguration;
			buildSettings = {
				ALWAYS_SEARCH_USER_PATHS = NO;
				ASSETCATALOG_COMPILER_GENERATE_SWIFT_ASSET_SYMBOL_EXTENSIONS = YES;
				CLANG_ANALYZER_NONNULL = YES;
				CLANG_ANALYZER_NUMBER_OBJECT_CONVERSION = YES_AGGRESSIVE;
				CLANG_CXX_LANGUAGE_STANDARD = "gnu++20";
				CLANG_ENABLE_MODULES = YES;
				CLANG_ENABLE_OBJC_ARC = YES;
				CLANG_ENABLE_OBJC_WEAK = YES;
				CLANG_WARN_BLOCK_CAPTURE_AUTORELEASING = YES;
				CLANG_WARN_BOOL_CONVERSION = YES;
				CLANG_WARN_COMMA = YES;
				CLANG_WARN_CONSTANT_CONVERSION = YES;
				CLANG_WARN_DEPRECATED_OBJC_IMPLEMENTATIONS = YES;
				CLANG_WARN_DIRECT_OBJC_ISA_USAGE = YES_ERROR;
				CLANG_WARN_DOCUMENTATION_COMMENTS = YES;
				CLANG_WARN_EMPTY_BODY = YES;
				CLANG_WARN_ENUM_CONVERSION = YES;
				CLANG_WARN_INFINITE_RECURSION = YES;
				CLANG_WARN_INT_CONVERSION = YES;
				CLANG_WARN_NON_LITERAL_NULL_CONVERSION = YES;
				CLANG_WARN_OBJC_IMPLICIT_RETAIN_SELF = YES;
				CLANG_WARN_OBJC_LITERAL_CONVERSION = YES;
				CLANG_WARN_OBJC_ROOT_CLASS = YES_ERROR;
				CLANG_WARN_QUOTED_INCLUDE_IN_FRAMEWORK_HEADER = YES;
				CLANG_WARN_RANGE_LOOP_ANALYSIS = YES;
				CLANG_WARN_STRICT_PROTOTYPES = YES;
				CLANG_WARN_SUSPICIOUS_MOVE = YES;
				CLANG_WARN_UNGUARDED_AVAILABILITY = YES_AGGRESSIVE;
				CLANG_WARN_UNREACHABLE_CODE = YES;
				CLANG_WARN__DUPLICATE_METHOD_MATCH = YES;
				COPY_PHASE_STRIP = NO;
				DEBUG_INFORMATION_FORMAT = "dwarf-with-dsym";
				ENABLE_NS_ASSERTIONS = NO;
				ENABLE_STRICT_OBJC_MSGSEND = YES;
				ENABLE_USER_SCRIPT_SANDBOXING = YES;
				GCC_C_LANGUAGE_STANDARD = gnu17;
				GCC_NO_COMMON_BLOCKS = YES;
				GCC_WARN_64_TO_32_BIT_CONVERSION = YES;
				GCC_WARN_ABOUT_RETURN_TYPE = YES_ERROR;
				GCC_WARN_UNDECLARED_SELECTOR = YES;
				GCC_WARN_UNINITIALIZED_AUTOS = YES_AGGRESSIVE;
				GCC_WARN_UNUSED_FUNCTION = YES;
				GCC_WARN_UNUSED_VARIABLE = YES;
				LOCALIZATION_PREFERS_STRING_CATALOGS = YES;
				MACOSX_DEPLOYMENT_TARGET = 14.0;
				MTL_ENABLE_DEBUG_INFO = NO;
				MTL_FAST_MATH = YES;
				SDKROOT = macosx;
			};
			name = Release;
		};
		8FFBA07D2B2CC3AE005A7AC1 /* Debug */ = {
			isa = XCBuildConfiguration;
			buildSettings = {
				CODE_SIGN_STYLE = Automatic;
				HEADER_SEARCH_PATHS = (
					/opt/homebrew/Cellar/gmp/6.3.0/include,
					/opt/homebrew/Cellar/mpfr/4.2.1/include,
				);
				LIBRARY_SEARCH_PATHS = (
					"$(inherited)",
					/opt/homebrew/Cellar/mpfr/4.2.1/lib,
				);
				PRODUCT_NAME = "$(TARGET_NAME)";
			};
			name = Debug;
		};
		8FFBA07E2B2CC3AE005A7AC1 /* Release */ = {
			isa = XCBuildConfiguration;
			buildSettings = {
				CODE_SIGN_STYLE = Automatic;
				HEADER_SEARCH_PATHS = (
					/opt/homebrew/Cellar/gmp/6.3.0/include,
					/opt/homebrew/Cellar/mpfr/4.2.1/include,
				);
				LIBRARY_SEARCH_PATHS = (
					"$(inherited)",
					/opt/homebrew/Cellar/mpfr/4.2.1/lib,
				);
				PRODUCT_NAME = "$(TARGET_NAME)";
			};
			name = Release;
		};
/* End XCBuildConfiguration section */

/* Begin XCConfigurationList section */
		8FFBA0702B2CC3AE005A7AC1 /* Build configuration list for PBXProject "MathematicalAnalyzer" */ = {
			isa = XCConfigurationList;
			buildConfigurations = (
				8FFBA07A2B2CC3AE005A7AC1 /* Debug */,
				8FFBA07B2B2CC3AE005A7AC1 /* Release */,
			);
			defaultConfigurationIsVisible = 0;
			defaultConfigurationName = Release;
		};
		8FFBA07C2B2CC3AE005A7AC1 /* Build configuration list for PBXNativeTarget "MathematicalAnalyzer" */ = {
			isa = XCConfigurationList;
			buildConfigurations = (
				8FFBA07D2B2CC3AE005A7AC1 /* Debug */,
				8FFBA07E2B2CC3AE005A7AC1 /* Release */,
			);
			defaultConfigurationIsVisible = 0;
			defaultConfigurationName = Release;
		};
/* End XCConfigurationList section */
	};
	rootObject = 8FFBA06D2B2CC3AE005A7AC1 /* Project object */;
}
